
Microsoft Visual Studio Solution File, Format Version 12.00
# Visual Studio Version 17
VisualStudioVersion = 17.4.33213.308
MinimumVisualStudioVersion = 10.0.40219.1
Project("{FAE04EC0-301F-11D3-BF4B-00C04F79EFBC}") = "univer", "univer\univer.csproj", "{1846B535-3F91-4189-B1A7-AA3BCDE4C08B}"
EndProject
Project("{FAE04EC0-301F-11D3-BF4B-00C04F79EFBC}") = "Human1", "Human1\Human1.csproj", "{FD9D65A1-38F5-493E-B1CF-8039F1E7E46B}"
EndProject
Project("{FAE04EC0-301F-11D3-BF4B-00C04F79EFBC}") = "Menu_and_other_stuff", "Menu_and_other_stuff\Menu_and_other_stuff.csproj", "{0786DDE5-95B8-4CC4-976F-8CD9FD7BB744}"
EndProject
Global
	GlobalSection(SolutionConfigurationPlatforms) = preSolution
		Debug|Any CPU = Debug|Any CPU
		Release|Any CPU = Release|Any CPU
	EndGlobalSection
	GlobalSection(ProjectConfigurationPlatforms) = postSolution
		{1846B535-3F91-4189-B1A7-AA3BCDE4C08B}.Debug|Any CPU.ActiveCfg = Debug|Any CPU
		{1846B535-3F91-4189-B1A7-AA3BCDE4C08B}.Debug|Any CPU.Build.0 = Debug|Any CPU
		{1846B535-3F91-4189-B1A7-AA3BCDE4C08B}.Release|Any CPU.ActiveCfg = Release|Any CPU
		{1846B535-3F91-4189-B1A7-AA3BCDE4C08B}.Release|Any CPU.Build.0 = Release|Any CPU
		{FD9D65A1-38F5-493E-B1CF-8039F1E7E46B}.Debug|Any CPU.ActiveCfg = Debug|Any CPU
		{FD9D65A1-38F5-493E-B1CF-8039F1E7E46B}.Debug|Any CPU.Build.0 = Debug|Any CPU
		{FD9D65A1-38F5-493E-B1CF-8039F1E7E46B}.Release|Any CPU.ActiveCfg = Release|Any CPU
		{FD9D65A1-38F5-493E-B1CF-8039F1E7E46B}.Release|Any CPU.Build.0 = Release|Any CPU
		{0786DDE5-95B8-4CC4-976F-8CD9FD7BB744}.Debug|Any CPU.ActiveCfg = Debug|Any CPU
		{0786DDE5-95B8-4CC4-976F-8CD9FD7BB744}.Debug|Any CPU.Build.0 = Debug|Any CPU
		{0786DDE5-95B8-4CC4-976F-8CD9FD7BB744}.Release|Any CPU.ActiveCfg = Release|Any CPU
		{0786DDE5-95B8-4CC4-976F-8CD9FD7BB744}.Release|Any CPU.Build.0 = Release|Any CPU
	EndGlobalSection
	GlobalSection(SolutionProperties) = preSolution
		HideSolutionNode = FALSE
	EndGlobalSection
	GlobalSection(ExtensibilityGlobals) = postSolution
		SolutionGuid = {D153600F-76E0-4408-B86B-5C36ED5B3C3D}
	EndGlobalSection
EndGlobal
